
Microsoft Visual Studio Solution File, Format Version 12.00
# Visual Studio Version 17
VisualStudioVersion = 17.3.32929.385
MinimumVisualStudioVersion = 10.0.40219.1
Project("{2150E333-8FDC-42A3-9474-1A3956D46DE8}") = "Solution Items", "Solution Items", "{4AF4C1CE-AD90-44DD-8A7D-0D6B1775CA61}"
EndProject
Project("{FAE04EC0-301F-11D3-BF4B-00C04F79EFBC}") = "Crone.BCL", "Crone.BCL\Crone.BCL.csproj", "{2DB27D10-20C1-4973-890A-92D681BAE79C}"
EndProject
Project("{FAE04EC0-301F-11D3-BF4B-00C04F79EFBC}") = "Crone.Core", "Crone.Core\Crone.Core.csproj", "{3FB9B952-CDBE-44F0-B99E-30CF6D28003C}"
EndProject
Global
	GlobalSection(SolutionConfigurationPlatforms) = preSolution
		Debug|Any CPU = Debug|Any CPU
		Release|Any CPU = Release|Any CPU
	EndGlobalSection
	GlobalSection(ProjectConfigurationPlatforms) = postSolution
		{2DB27D10-20C1-4973-890A-92D681BAE79C}.Debug|Any CPU.ActiveCfg = Debug|Any CPU
		{2DB27D10-20C1-4973-890A-92D681BAE79C}.Debug|Any CPU.Build.0 = Debug|Any CPU
		{2DB27D10-20C1-4973-890A-92D681BAE79C}.Release|Any CPU.ActiveCfg = Release|Any CPU
		{2DB27D10-20C1-4973-890A-92D681BAE79C}.Release|Any CPU.Build.0 = Release|Any CPU
		{3FB9B952-CDBE-44F0-B99E-30CF6D28003C}.Debug|Any CPU.ActiveCfg = Debug|Any CPU
		{3FB9B952-CDBE-44F0-B99E-30CF6D28003C}.Debug|Any CPU.Build.0 = Debug|Any CPU
		{3FB9B952-CDBE-44F0-B99E-30CF6D28003C}.Release|Any CPU.ActiveCfg = Release|Any CPU
		{3FB9B952-CDBE-44F0-B99E-30CF6D28003C}.Release|Any CPU.Build.0 = Release|Any CPU
	EndGlobalSection
	GlobalSection(SolutionProperties) = preSolution
		HideSolutionNode = FALSE
	EndGlobalSection
	GlobalSection(ExtensibilityGlobals) = postSolution
		SolutionGuid = {90304129-09BD-4751-A326-C4CD2EE13E55}
	EndGlobalSection
EndGlobal
